// !$*UTF8*$!
{
	archiveVersion = 1;
	classes = {
	};
	objectVersion = 110;
	objects = {

/* Begin PBXContainerItemProxy section */
		611A56BC2FEFA757008952FA /* PBXContainerItemProxy */ = {
			isa = PBXContainerItemProxy;
			containerPortal = 611A56A42FEFA756008952FA /* Project object */;
			proxyType = 1;
			remoteGlobalIDString = 611A56AB2FEFA756008952FA;
			remoteInfo = Medoru;
		};
		611A56C62FEFA757008952FA /* PBXContainerItemProxy */ = {
			isa = PBXContainerItemProxy;
			containerPortal = 611A56A42FEFA756008952FA /* Project object */;
			proxyType = 1;
			remoteGlobalIDString = 611A56AB2FEFA756008952FA;
			remoteInfo = Medoru;
		};
/* End PBXContainerItemProxy section */

/* Begin PBXFileReference section */
		611A56AC2FEFA756008952FA /* Medoru.app */ = {isa = PBXFileReference; explicitFileType = wrapper.application; includeInIndex = 0; path = Medoru.app; sourceTree = BUILT_PRODUCTS_DIR; };
		611A56BB2FEFA757008952FA /* MedoruTests.xctest */ = {isa = PBXFileReference; explicitFileType = wrapper.cfbundle; includeInIndex = 0; path = MedoruTests.xctest; sourceTree = BUILT_PRODUCTS_DIR; };
		611A56C52FEFA757008952FA /* MedoruUITests.xctest */ = {isa = PBXFileReference; explicitFileType = wrapper.cfbundle; includeInIndex = 0; path = MedoruUITests.xctest; sourceTree = BUILT_PRODUCTS_DIR; };
/* End PBXFileReference section */

/* Begin PBXFileSystemSynchronizedRootGroup section */
		611A56AE2FEFA756008952FA /* Medoru */ = {
			isa = PBXFileSystemSynchronizedRootGroup;
			path = Medoru;
			sourceTree = "<group>";
		};
		611A56BE2FEFA757008952FA /* MedoruTests */ = {
			isa = PBXFileSystemSynchronizedRootGroup;
			path = MedoruTests;
			sourceTree = "<group>";
		};
		611A56C82FEFA757008952FA /* MedoruUITests */ = {
			isa = PBXFileSystemSynchronizedRootGroup;
			path = MedoruUITests;
			sourceTree = "<group>";
		};
/* End PBXFileSystemSynchronizedRootGroup section */

/* Begin PBXFrameworksBuildPhase section */
		611A56A92FEFA756008952FA /* Frameworks */ = {
			isa = PBXFrameworksBuildPhase;
			files = (
			);
		};
		611A56B82FEFA757008952FA /* Frameworks */ = {
			isa = PBXFrameworksBuildPhase;
			files = (
			);
		};
		611A56C22FEFA757008952FA /* Frameworks */ = {
			isa = PBXFrameworksBuildPhase;
			files = (
			);
		};
/* End PBXFrameworksBuildPhase section */

/* Begin PBXGroup section */
		611A56A32FEFA756008952FA = {
			isa = PBXGroup;
			children = (
				611A56AE2FEFA756008952FA /* Medoru */,
				611A56BE2FEFA757008952FA /* MedoruTests */,
				611A56C82FEFA757008952FA /* MedoruUITests */,
				611A56AD2FEFA756008952FA /* Products */,
			);
			sourceTree = "<group>";
		};
		611A56AD2FEFA756008952FA /* Products */ = {
			isa = PBXGroup;
			children = (
				611A56AC2FEFA756008952FA /* Medoru.app */,
				611A56BB2FEFA757008952FA /* MedoruTests.xctest */,
				611A56C52FEFA757008952FA /* MedoruUITests.xctest */,
			);
			name = Products;
			sourceTree = "<group>";
		};
/* End PBXGroup section */

/* Begin PBXNativeTarget section */
		611A56AB2FEFA756008952FA /* Medoru */ = {
			isa = PBXNativeTarget;
			buildConfigurationList = 611A56CD2FEFA757008952FA /* Build configuration list for PBXNativeTarget "Medoru" */;
			buildPhases = (
				611A56A82FEFA756008952FA /* Sources */,
				611A56A92FEFA756008952FA /* Frameworks */,
				611A56AA2FEFA756008952FA /* Resources */,
			);
			buildRules = (
			);
			fileSystemSynchronizedGroups = (
				611A56AE2FEFA756008952FA /* Medoru */,
			);
			name = Medoru;
			productName = Medoru;
			productReference = 611A56AC2FEFA756008952FA /* Medoru.app */;
			productType = "com.apple.product-type.application";
		};
		611A56BA2FEFA757008952FA /* MedoruTests */ = {
			isa = PBXNativeTarget;
			buildConfigurationList = 611A56D02FEFA757008952FA /* Build configuration list for PBXNativeTarget "MedoruTests" */;
			buildPhases = (
				611A56B72FEFA757008952FA /* Sources */,
				611A56B82FEFA757008952FA /* Frameworks */,
				611A56B92FEFA757008952FA /* Resources */,
			);
			buildRules = (
			);
			dependencies = (
				611A56BD2FEFA757008952FA /* PBXTargetDependency */,
			);
			fileSystemSynchronizedGroups = (
				611A56BE2FEFA757008952FA /* MedoruTests */,
			);
			name = MedoruTests;
			productName = MedoruTests;
			productReference = 611A56BB2FEFA757008952FA /* MedoruTests.xctest */;
			productType = "com.apple.product-type.bundle.unit-test";
		};
		611A56C42FEFA757008952FA /* MedoruUITests */ = {
			isa = PBXNativeTarget;
			buildConfigurationList = 611A56D32FEFA757008952FA /* Build configuration list for PBXNativeTarget "MedoruUITests" */;
			buildPhases = (
				611A56C12FEFA757008952FA /* Sources */,
				611A56C22FEFA757008952FA /* Frameworks */,
				611A56C32FEFA757008952FA /* Resources */,
			);
			buildRules = (
			);
			dependencies = (
				611A56C72FEFA757008952FA /* PBXTargetDependency */,
			);
			fileSystemSynchronizedGroups = (
				611A56C82FEFA757008952FA /* MedoruUITests */,
			);
			name = MedoruUITests;
			productName = MedoruUITests;
			productReference = 611A56C52FEFA757008952FA /* MedoruUITests.xctest */;
			productType = "com.apple.product-type.bundle.ui-testing";
		};
/* End PBXNativeTarget section */

/* Begin PBXProject section */
		611A56A42FEFA756008952FA /* Project object */ = {
			isa = PBXProject;
			attributes = {
				BuildIndependentTargetsInParallel = 1;
				LastSwiftUpdateCheck = 2700;
				LastUpgradeCheck = 2700;
				TargetAttributes = {
					611A56AB2FEFA756008952FA = {
						CreatedOnToolsVersion = 27.0;
					};
					611A56BA2FEFA757008952FA = {
						CreatedOnToolsVersion = 27.0;
						TestTargetID = 611A56AB2FEFA756008952FA;
					};
					611A56C42FEFA757008952FA = {
						CreatedOnToolsVersion = 27.0;
						TestTargetID = 611A56AB2FEFA756008952FA;
					};
				};
			};
			buildConfigurationList = 611A56A72FEFA756008952FA /* Build configuration list for PBXProject "Medoru" */;
			developmentRegion = en;
			hasScannedForEncodings = 0;
			knownRegions = (
				en,
				Base,
			);
			mainGroup = 611A56A32FEFA756008952FA;
			minimizedProjectReferenceProxies = 1;
			preferredProjectObjectVersion = 77;
			productRefGroup = 611A56AD2FEFA756008952FA /* Products */;
			projectDirPath = "";
			projectRoot = "";
			targets = (
				611A56AB2FEFA756008952FA /* Medoru */,
				611A56BA2FEFA757008952FA /* MedoruTests */,
				611A56C42FEFA757008952FA /* MedoruUITests */,
			);
		};
/* End PBXProject section */

/* Begin PBXResourcesBuildPhase section */
		611A56AA2FEFA756008952FA /* Resources */ = {
			isa = PBXResourcesBuildPhase;
			files = (
			);
		};
		611A56B92FEFA757008952FA /* Resources */ = {
			isa = PBXResourcesBuildPhase;
			files = (
			);
		};
		611A56C32FEFA757008952FA /* Resources */ = {
			isa = PBXResourcesBuildPhase;
			files = (
			);
		};
/* End PBXResourcesBuildPhase section */

/* Begin PBXSourcesBuildPhase section */
		611A56A82FEFA756008952FA /* Sources */ = {
			isa = PBXSourcesBuildPhase;
			files = (
			);
		};
		611A56B72FEFA757008952FA /* Sources */ = {
			isa = PBXSourcesBuildPhase;
			files = (
			);
		};
		611A56C12FEFA757008952FA /* Sources */ = {
			isa = PBXSourcesBuildPhase;
			files = (
			);
		};
/* End PBXSourcesBuildPhase section */

/* Begin PBXTargetDependency section */
		611A56BD2FEFA757008952FA /* PBXTargetDependency */ = {
			isa = PBXTargetDependency;
			target = 611A56AB2FEFA756008952FA /* Medoru */;
			targetProxy = 611A56BC2FEFA757008952FA /* PBXContainerItemProxy */;
		};
		611A56C72FEFA757008952FA /* PBXTargetDependency */ = {
			isa = PBXTargetDependency;
			target = 611A56AB2FEFA756008952FA /* Medoru */;
			targetProxy = 611A56C62FEFA757008952FA /* PBXContainerItemProxy */;
		};
/* End PBXTargetDependency section */

/* Begin XCBuildConfiguration section */
		611A56CB2FEFA757008952FA /* Debug configuration for PBXProject "Medoru" */ = {
			isa = XCBuildConfiguration;
			buildSettings = {
				ALWAYS_SEARCH_USER_PATHS = NO;
				ASSETCATALOG_COMPILER_GENERATE_SWIFT_ASSET_SYMBOL_EXTENSIONS = YES;
				CLANG_ANALYZER_NONNULL = YES;
				CLANG_ANALYZER_NUMBER_OBJECT_CONVERSION = YES_AGGRESSIVE;
				CLANG_CXX_LANGUAGE_STANDARD = "gnu++20";
				CLANG_ENABLE_MODULES = YES;
				CLANG_ENABLE_OBJC_ARC = YES;
				CLANG_ENABLE_OBJC_WEAK = YES;
				CLANG_WARN_BLOCK_CAPTURE_AUTORELEASING = YES;
				CLANG_WARN_BOOL_CONVERSION = YES;
				CLANG_WARN_COMMA = YES;
				CLANG_WARN_CONSTANT_CONVERSION = YES;
				CLANG_WARN_DEPRECATED_OBJC_IMPLEMENTATIONS = YES;
				CLANG_WARN_DIRECT_OBJC_ISA_USAGE = YES_ERROR;
				CLANG_WARN_DOCUMENTATION_COMMENTS = YES;
				CLANG_WARN_EMPTY_BODY = YES;
				CLANG_WARN_ENUM_CONVERSION = YES;
				CLANG_WARN_INFINITE_RECURSION = YES;
				CLANG_WARN_INT_CONVERSION = YES;
				CLANG_WARN_NON_LITERAL_NULL_CONVERSION = YES;
				CLANG_WARN_OBJC_IMPLICIT_RETAIN_SELF = YES;
				CLANG_WARN_OBJC_LITERAL_CONVERSION = YES;
				CLANG_WARN_OBJC_ROOT_CLASS = YES_ERROR;
				CLANG_WARN_QUOTED_INCLUDE_IN_FRAMEWORK_HEADER = YES;
				CLANG_WARN_RANGE_LOOP_ANALYSIS = YES;
				CLANG_WARN_STRICT_PROTOTYPES = YES;
				CLANG_WARN_SUSPICIOUS_MOVE = YES;
				CLANG_WARN_UNGUARDED_AVAILABILITY = YES_AGGRESSIVE;
				CLANG_WARN_UNREACHABLE_CODE = YES;
				CLANG_WARN__DUPLICATE_METHOD_MATCH = YES;
				COPY_PHASE_STRIP = NO;
				DEBUG_INFORMATION_FORMAT = dwarf;
				DEVELOPMENT_TEAM = VYGM9G3FQC;
				ENABLE_STRICT_OBJC_MSGSEND = YES;
				ENABLE_TESTABILITY = YES;
				ENABLE_USER_SCRIPT_SANDBOXING = YES;
				GCC_C_LANGUAGE_STANDARD = gnu17;
				GCC_DYNAMIC_NO_PIC = NO;
				GCC_NO_COMMON_BLOCKS = YES;
				GCC_OPTIMIZATION_LEVEL = 0;
				GCC_PREPROCESSOR_DEFINITIONS = (
					"DEBUG=1",
					"$(inherited)",
				);
				GCC_WARN_64_TO_32_BIT_CONVERSION = YES;
				GCC_WARN_ABOUT_RETURN_TYPE = YES_ERROR;
				GCC_WARN_UNDECLARED_SELECTOR = YES;
				GCC_WARN_UNINITIALIZED_AUTOS = YES_AGGRESSIVE;
				GCC_WARN_UNUSED_FUNCTION = YES;
				GCC_WARN_UNUSED_VARIABLE = YES;
				IPHONEOS_DEPLOYMENT_TARGET = 27.0;
				LOCALIZATION_PREFERS_STRING_CATALOGS = YES;
				MTL_ENABLE_DEBUG_INFO = INCLUDE_SOURCE;
				MTL_FAST_MATH = YES;
				ONLY_ACTIVE_ARCH = YES;
				SDKROOT = iphoneos;
				SWIFT_ACTIVE_COMPILATION_CONDITIONS = "DEBUG $(inherited)";
				SWIFT_OPTIMIZATION_LEVEL = "-Onone";
			};
			name = Debug;
		};
		611A56CC2FEFA757008952FA /* Release configuration for PBXProject "Medoru" */ = {
			isa = XCBuildConfiguration;
			buildSettings = {
				ALWAYS_SEARCH_USER_PATHS = NO;
				ASSETCATALOG_COMPILER_GENERATE_SWIFT_ASSET_SYMBOL_EXTENSIONS = YES;
				CLANG_ANALYZER_NONNULL = YES;
				CLANG_ANALYZER_NUMBER_OBJECT_CONVERSION = YES_AGGRESSIVE;
				CLANG_CXX_LANGUAGE_STANDARD = "gnu++20";
				CLANG_ENABLE_MODULES = YES;
				CLANG_ENABLE_OBJC_ARC = YES;
				CLANG_ENABLE_OBJC_WEAK = YES;
				CLANG_WARN_BLOCK_CAPTURE_AUTORELEASING = YES;
				CLANG_WARN_BOOL_CONVERSION = YES;
				CLANG_WARN_COMMA = YES;
				CLANG_WARN_CONSTANT_CONVERSION = YES;
				CLANG_WARN_DEPRECATED_OBJC_IMPLEMENTATIONS = YES;
				CLANG_WARN_DIRECT_OBJC_ISA_USAGE = YES_ERROR;
				CLANG_WARN_DOCUMENTATION_COMMENTS = YES;
				CLANG_WARN_EMPTY_BODY = YES;
				CLANG_WARN_ENUM_CONVERSION = YES;
				CLANG_WARN_INFINITE_RECURSION = YES;
				CLANG_WARN_INT_CONVERSION = YES;
				CLANG_WARN_NON_LITERAL_NULL_CONVERSION = YES;
				CLANG_WARN_OBJC_IMPLICIT_RETAIN_SELF = YES;
				CLANG_WARN_OBJC_LITERAL_CONVERSION = YES;
				CLANG_WARN_OBJC_ROOT_CLASS = YES_ERROR;
				CLANG_WARN_QUOTED_INCLUDE_IN_FRAMEWORK_HEADER = YES;
				CLANG_WARN_RANGE_LOOP_ANALYSIS = YES;
				CLANG_WARN_STRICT_PROTOTYPES = YES;
				CLANG_WARN_SUSPICIOUS_MOVE = YES;
				CLANG_WARN_UNGUARDED_AVAILABILITY = YES_AGGRESSIVE;
				CLANG_WARN_UNREACHABLE_CODE = YES;
				CLANG_WARN__DUPLICATE_METHOD_MATCH = YES;
				COPY_PHASE_STRIP = NO;
				DEBUG_INFORMATION_FORMAT = "dwarf-with-dsym";
				DEVELOPMENT_TEAM = VYGM9G3FQC;
				ENABLE_NS_ASSERTIONS = NO;
				ENABLE_STRICT_OBJC_MSGSEND = YES;
				ENABLE_USER_SCRIPT_SANDBOXING = YES;
				GCC_C_LANGUAGE_STANDARD = gnu17;
				GCC_NO_COMMON_BLOCKS = YES;
				GCC_WARN_64_TO_32_BIT_CONVERSION = YES;
				GCC_WARN_ABOUT_RETURN_TYPE = YES_ERROR;
				GCC_WARN_UNDECLARED_SELECTOR = YES;
				GCC_WARN_UNINITIALIZED_AUTOS = YES_AGGRESSIVE;
				GCC_WARN_UNUSED_FUNCTION = YES;
				GCC_WARN_UNUSED_VARIABLE = YES;
				IPHONEOS_DEPLOYMENT_TARGET = 27.0;
				LOCALIZATION_PREFERS_STRING_CATALOGS = YES;
				MTL_ENABLE_DEBUG_INFO = NO;
				MTL_FAST_MATH = YES;
				SDKROOT = iphoneos;
				SWIFT_COMPILATION_MODE = wholemodule;
				VALIDATE_PRODUCT = YES;
			};
			name = Release;
		};
		611A56CE2FEFA757008952FA /* Debug configuration for PBXNativeTarget "Medoru" */ = {
			isa = XCBuildConfiguration;
			buildSettings = {
				ASSETCATALOG_COMPILER_APPICON_NAME = AppIcon;
				ASSETCATALOG_COMPILER_GLOBAL_ACCENT_COLOR_NAME = AccentColor;
				CODE_SIGN_STYLE = Automatic;
				CURRENT_PROJECT_VERSION = 1;
				DEVELOPMENT_TEAM = VYGM9G3FQC;
				ENABLE_PREVIEWS = YES;
				GENERATE_INFOPLIST_FILE = YES;
				INFOPLIST_KEY_UIApplicationSceneManifest_Generation = YES;
				INFOPLIST_KEY_UIApplicationSupportsIndirectInputEvents = YES;
				INFOPLIST_KEY_UILaunchScreen_Generation = YES;
				INFOPLIST_KEY_UISupportedInterfaceOrientations_iPad = "UIInterfaceOrientationPortrait UIInterfaceOrientationPortraitUpsideDown UIInterfaceOrientationLandscapeLeft UIInterfaceOrientationLandscapeRight";
				INFOPLIST_KEY_UISupportedInterfaceOrientations_iPhone = "UIInterfaceOrientationPortrait UIInterfaceOrientationLandscapeLeft UIInterfaceOrientationLandscapeRight";
				LD_RUNPATH_SEARCH_PATHS = (
					"$(inherited)",
					"@executable_path/Frameworks",
				);
				MARKETING_VERSION = 1.0;
				PRODUCT_BUNDLE_IDENTIFIER = net.kougen.Medoru;
				PRODUCT_NAME = "$(TARGET_NAME)";
				STRING_CATALOG_GENERATE_SYMBOLS = YES;
				SWIFT_APPROACHABLE_CONCURRENCY = YES;
				SWIFT_DEFAULT_ACTOR_ISOLATION = MainActor;
				SWIFT_EMIT_LOC_STRINGS = YES;
				SWIFT_UPCOMING_FEATURE_MEMBER_IMPORT_VISIBILITY = YES;
				SWIFT_VERSION = 5.0;
				TARGETED_DEVICE_FAMILY = "1,2";
			};
			name = Debug;
		};
		611A56CF2FEFA757008952FA /* Release configuration for PBXNativeTarget "Medoru" */ = {
			isa = XCBuildConfiguration;
			buildSettings = {
				ASSETCATALOG_COMPILER_APPICON_NAME = AppIcon;
				ASSETCATALOG_COMPILER_GLOBAL_ACCENT_COLOR_NAME = AccentColor;
				CODE_SIGN_STYLE = Automatic;
				CURRENT_PROJECT_VERSION = 1;
				DEVELOPMENT_TEAM = VYGM9G3FQC;
				ENABLE_PREVIEWS = YES;
				GENERATE_INFOPLIST_FILE = YES;
				INFOPLIST_KEY_UIApplicationSceneManifest_Generation = YES;
				INFOPLIST_KEY_UIApplicationSupportsIndirectInputEvents = YES;
				INFOPLIST_KEY_UILaunchScreen_Generation = YES;
				INFOPLIST_KEY_UISupportedInterfaceOrientations_iPad = "UIInterfaceOrientationPortrait UIInterfaceOrientationPortraitUpsideDown UIInterfaceOrientationLandscapeLeft UIInterfaceOrientationLandscapeRight";
				INFOPLIST_KEY_UISupportedInterfaceOrientations_iPhone = "UIInterfaceOrientationPortrait UIInterfaceOrientationLandscapeLeft UIInterfaceOrientationLandscapeRight";
				LD_RUNPATH_SEARCH_PATHS = (
					"$(inherited)",
					"@executable_path/Frameworks",
				);
				MARKETING_VERSION = 1.0;
				PRODUCT_BUNDLE_IDENTIFIER = net.kougen.Medoru;
				PRODUCT_NAME = "$(TARGET_NAME)";
				STRING_CATALOG_GENERATE_SYMBOLS = YES;
				SWIFT_APPROACHABLE_CONCURRENCY = YES;
				SWIFT_DEFAULT_ACTOR_ISOLATION = MainActor;
				SWIFT_EMIT_LOC_STRINGS = YES;
				SWIFT_UPCOMING_FEATURE_MEMBER_IMPORT_VISIBILITY = YES;
				SWIFT_VERSION = 5.0;
				TARGETED_DEVICE_FAMILY = "1,2";
			};
			name = Release;
		};
		611A56D12FEFA757008952FA /* Debug configuration for PBXNativeTarget "MedoruTests" */ = {
			isa = XCBuildConfiguration;
			buildSettings = {
				BUNDLE_LOADER = "$(TEST_HOST)";
				CODE_SIGN_STYLE = Automatic;
				CURRENT_PROJECT_VERSION = 1;
				DEVELOPMENT_TEAM = VYGM9G3FQC;
				GENERATE_INFOPLIST_FILE = YES;
				IPHONEOS_DEPLOYMENT_TARGET = 27.0;
				MARKETING_VERSION = 1.0;
				PRODUCT_BUNDLE_IDENTIFIER = net.kougen.MedoruTests;
				PRODUCT_NAME = "$(TARGET_NAME)";
				STRING_CATALOG_GENERATE_SYMBOLS = NO;
				SWIFT_APPROACHABLE_CONCURRENCY = YES;
				SWIFT_EMIT_LOC_STRINGS = NO;
				SWIFT_UPCOMING_FEATURE_MEMBER_IMPORT_VISIBILITY = YES;
				SWIFT_VERSION = 5.0;
				TARGETED_DEVICE_FAMILY = "1,2";
				TEST_HOST = "$(BUILT_PRODUCTS_DIR)/Medoru.app/$(BUNDLE_EXECUTABLE_FOLDER_PATH)/Medoru";
			};
			name = Debug;
		};
		611A56D22FEFA757008952FA /* Release configuration for PBXNativeTarget "MedoruTests" */ = {
			isa = XCBuildConfiguration;
			buildSettings = {
				BUNDLE_LOADER = "$(TEST_HOST)";
				CODE_SIGN_STYLE = Automatic;
				CURRENT_PROJECT_VERSION = 1;
				DEVELOPMENT_TEAM = VYGM9G3FQC;
				GENERATE_INFOPLIST_FILE = YES;
				IPHONEOS_DEPLOYMENT_TARGET = 27.0;
				MARKETING_VERSION = 1.0;
				PRODUCT_BUNDLE_IDENTIFIER = net.kougen.MedoruTests;
				PRODUCT_NAME = "$(TARGET_NAME)";
				STRING_CATALOG_GENERATE_SYMBOLS = NO;
				SWIFT_APPROACHABLE_CONCURRENCY = YES;
				SWIFT_EMIT_LOC_STRINGS = NO;
				SWIFT_UPCOMING_FEATURE_MEMBER_IMPORT_VISIBILITY = YES;
				SWIFT_VERSION = 5.0;
				TARGETED_DEVICE_FAMILY = "1,2";
				TEST_HOST = "$(BUILT_PRODUCTS_DIR)/Medoru.app/$(BUNDLE_EXECUTABLE_FOLDER_PATH)/Medoru";
			};
			name = Release;
		};
		611A56D42FEFA757008952FA /* Debug configuration for PBXNativeTarget "MedoruUITests" */ = {
			isa = XCBuildConfiguration;
			buildSettings = {
				CODE_SIGN_STYLE = Automatic;
				CURRENT_PROJECT_VERSION = 1;
				DEVELOPMENT_TEAM = VYGM9G3FQC;
				GENERATE_INFOPLIST_FILE = YES;
				MARKETING_VERSION = 1.0;
				PRODUCT_BUNDLE_IDENTIFIER = net.kougen.MedoruUITests;
				PRODUCT_NAME = "$(TARGET_NAME)";
				STRING_CATALOG_GENERATE_SYMBOLS = NO;
				SWIFT_APPROACHABLE_CONCURRENCY = YES;
				SWIFT_EMIT_LOC_STRINGS = NO;
				SWIFT_UPCOMING_FEATURE_MEMBER_IMPORT_VISIBILITY = YES;
				SWIFT_VERSION = 5.0;
				TARGETED_DEVICE_FAMILY = "1,2";
				TEST_TARGET_NAME = Medoru;
			};
			name = Debug;
		};
		611A56D52FEFA757008952FA /* Release configuration for PBXNativeTarget "MedoruUITests" */ = {
			isa = XCBuildConfiguration;
			buildSettings = {
				CODE_SIGN_STYLE = Automatic;
				CURRENT_PROJECT_VERSION = 1;
				DEVELOPMENT_TEAM = VYGM9G3FQC;
				GENERATE_INFOPLIST_FILE = YES;
				MARKETING_VERSION = 1.0;
				PRODUCT_BUNDLE_IDENTIFIER = net.kougen.MedoruUITests;
				PRODUCT_NAME = "$(TARGET_NAME)";
				STRING_CATALOG_GENERATE_SYMBOLS = NO;
				SWIFT_APPROACHABLE_CONCURRENCY = YES;
				SWIFT_EMIT_LOC_STRINGS = NO;
				SWIFT_UPCOMING_FEATURE_MEMBER_IMPORT_VISIBILITY = YES;
				SWIFT_VERSION = 5.0;
				TARGETED_DEVICE_FAMILY = "1,2";
				TEST_TARGET_NAME = Medoru;
			};
			name = Release;
		};
/* End XCBuildConfiguration section */

/* Begin XCConfigurationList section */
		611A56A72FEFA756008952FA /* Build configuration list for PBXProject "Medoru" */ = {
			isa = XCConfigurationList;
			buildConfigurations = (
				611A56CB2FEFA757008952FA /* Debug configuration for PBXProject "Medoru" */,
				611A56CC2FEFA757008952FA /* Release configuration for PBXProject "Medoru" */,
			);
			defaultConfigurationName = Release;
		};
		611A56CD2FEFA757008952FA /* Build configuration list for PBXNativeTarget "Medoru" */ = {
			isa = XCConfigurationList;
			buildConfigurations = (
				611A56CE2FEFA757008952FA /* Debug configuration for PBXNativeTarget "Medoru" */,
				611A56CF2FEFA757008952FA /* Release configuration for PBXNativeTarget "Medoru" */,
			);
			defaultConfigurationName = Release;
		};
		611A56D02FEFA757008952FA /* Build configuration list for PBXNativeTarget "MedoruTests" */ = {
			isa = XCConfigurationList;
			buildConfigurations = (
				611A56D12FEFA757008952FA /* Debug configuration for PBXNativeTarget "MedoruTests" */,
				611A56D22FEFA757008952FA /* Release configuration for PBXNativeTarget "MedoruTests" */,
			);
			defaultConfigurationName = Release;
		};
		611A56D32FEFA757008952FA /* Build configuration list for PBXNativeTarget "MedoruUITests" */ = {
			isa = XCConfigurationList;
			buildConfigurations = (
				611A56D42FEFA757008952FA /* Debug configuration for PBXNativeTarget "MedoruUITests" */,
				611A56D52FEFA757008952FA /* Release configuration for PBXNativeTarget "MedoruUITests" */,
			);
			defaultConfigurationName = Release;
		};
/* End XCConfigurationList section */
	};
	rootObject = 611A56A42FEFA756008952FA /* Project object */;
	validationLevel = 1;
}
